// !$*UTF8*$!
{
	archiveVersion = 1;
	classes = {
	};
	objectVersion = 46;
	objects = {

/* Begin PBXBuildFile section */
		110E80791B161B4000DF989C /* main.m in Sources */ = {isa = PBXBuildFile; fileRef = 110E80781B161B4000DF989C /* main.m */; };
		110E807C1B161B4000DF989C /* AppDelegate.m in Sources */ = {isa = PBXBuildFile; fileRef = 110E807B1B161B4000DF989C /* AppDelegate.m */; };
		110E80841B161B4100DF989C /* GameViewController.m in Sources */ = {isa = PBXBuildFile; fileRef = 110E80831B161B4100DF989C /* GameViewController.m */; };
		110E80871B161B4100DF989C /* Main.storyboard in Resources */ = {isa = PBXBuildFile; fileRef = 110E80851B161B4100DF989C /* Main.storyboard */; };
		110E80891B161B4100DF989C /* Images.xcassets in Resources */ = {isa = PBXBuildFile; fileRef = 110E80881B161B4100DF989C /* Images.xcassets */; };
		110E808C1B161B4100DF989C /* LaunchScreen.xib in Resources */ = {isa = PBXBuildFile; fileRef = 110E808A1B161B4100DF989C /* LaunchScreen.xib */; };
		110E80981B161B4100DF989C /* BowlingTests.m in Sources */ = {isa = PBXBuildFile; fileRef = 110E80971B161B4100DF989C /* BowlingTests.m */; };
		110E80B71B165AE600DF989C /* GameKit.framework in Frameworks */ = {isa = PBXBuildFile; fileRef = 110E80B61B165AE600DF989C /* GameKit.framework */; };
		110E80BE1B16863700DF989C /* Reachability.m in Sources */ = {isa = PBXBuildFile; fileRef = 110E80B81B16863700DF989C /* Reachability.m */; };
		110E80BF1B16863700DF989C /* NSDataAES256.m in Sources */ = {isa = PBXBuildFile; fileRef = 110E80BB1B16863700DF989C /* NSDataAES256.m */; };
		110E80C01B16863700DF989C /* GameCenterManager.m in Sources */ = {isa = PBXBuildFile; fileRef = 110E80BD1B16863700DF989C /* GameCenterManager.m */; };
		110E80C31B168D0900DF989C /* iAd.framework in Frameworks */ = {isa = PBXBuildFile; fileRef = 110E80C21B168D0900DF989C /* iAd.framework */; };
		11B648221B1E66C1005AB6A3 /* pop.mp3 in Resources */ = {isa = PBXBuildFile; fileRef = 11B648211B1E66C1005AB6A3 /* pop.mp3 */; };
		11B648241B1E6A31005AB6A3 /* super.mp3 in Resources */ = {isa = PBXBuildFile; fileRef = 11B648231B1E6A30005AB6A3 /* super.mp3 */; };
		11C1BEF21B179AC200DF06A0 /* Shop.m in Sources */ = {isa = PBXBuildFile; fileRef = 11C1BEF01B179AC200DF06A0 /* Shop.m */; };
		11C1BEF41B179AF300DF06A0 /* StoreKit.framework in Frameworks */ = {isa = PBXBuildFile; fileRef = 11C1BEF31B179AF300DF06A0 /* StoreKit.framework */; };
		514D2A161DBEA57C00A96118 /* CollectionViewController.m in Sources */ = {isa = PBXBuildFile; fileRef = 514D2A151DBEA57C00A96118 /* CollectionViewController.m */; };
		514D2A191DBEA59900A96118 /* CollectionViewCell.m in Sources */ = {isa = PBXBuildFile; fileRef = 514D2A181DBEA59900A96118 /* CollectionViewCell.m */; };
		5157839F1DCA24BE00FB7A97 /* 2.plist in Resources */ = {isa = PBXBuildFile; fileRef = 5157837F1DCA24BE00FB7A97 /* 2.plist */; };
		515783A01DCA24BE00FB7A97 /* 3.plist in Resources */ = {isa = PBXBuildFile; fileRef = 515783801DCA24BE00FB7A97 /* 3.plist */; };
		515783A11DCA24BE00FB7A97 /* 4.plist in Resources */ = {isa = PBXBuildFile; fileRef = 515783811DCA24BE00FB7A97 /* 4.plist */; };
		515783A21DCA24BE00FB7A97 /* 5.plist in Resources */ = {isa = PBXBuildFile; fileRef = 515783821DCA24BE00FB7A97 /* 5.plist */; };
		515783A31DCA24BE00FB7A97 /* 6.plist in Resources */ = {isa = PBXBuildFile; fileRef = 515783831DCA24BE00FB7A97 /* 6.plist */; };
		515783A41DCA24BE00FB7A97 /* 8.plist in Resources */ = {isa = PBXBuildFile; fileRef = 515783841DCA24BE00FB7A97 /* 8.plist */; };
		515783A51DCA24BE00FB7A97 /* 9.plist in Resources */ = {isa = PBXBuildFile; fileRef = 515783851DCA24BE00FB7A97 /* 9.plist */; };
		515783A61DCA24BE00FB7A97 /* 10.plist in Resources */ = {isa = PBXBuildFile; fileRef = 515783861DCA24BE00FB7A97 /* 10.plist */; };
		515783A71DCA24BE00FB7A97 /* 11.plist in Resources */ = {isa = PBXBuildFile; fileRef = 515783871DCA24BE00FB7A97 /* 11.plist */; };
		515783A81DCA24BE00FB7A97 /* 12.plist in Resources */ = {isa = PBXBuildFile; fileRef = 515783881DCA24BE00FB7A97 /* 12.plist */; };
		515783A91DCA24BE00FB7A97 /* 13.plist in Resources */ = {isa = PBXBuildFile; fileRef = 515783891DCA24BE00FB7A97 /* 13.plist */; };
		515783AA1DCA24BE00FB7A97 /* 14.plist in Resources */ = {isa = PBXBuildFile; fileRef = 5157838A1DCA24BE00FB7A97 /* 14.plist */; };
		515783AB1DCA24BE00FB7A97 /* 15.plist in Resources */ = {isa = PBXBuildFile; fileRef = 5157838B1DCA24BE00FB7A97 /* 15.plist */; };
		515783AC1DCA24BE00FB7A97 /* 16.plist in Resources */ = {isa = PBXBuildFile; fileRef = 5157838C1DCA24BE00FB7A97 /* 16.plist */; };
		515783AD1DCA24BE00FB7A97 /* 17.plist in Resources */ = {isa = PBXBuildFile; fileRef = 5157838D1DCA24BE00FB7A97 /* 17.plist */; };
		515783AE1DCA24BE00FB7A97 /* 18.plist in Resources */ = {isa = PBXBuildFile; fileRef = 5157838E1DCA24BE00FB7A97 /* 18.plist */; };
		515783AF1DCA24BE00FB7A97 /* 19.plist in Resources */ = {isa = PBXBuildFile; fileRef = 5157838F1DCA24BE00FB7A97 /* 19.plist */; };
		515783B01DCA24BE00FB7A97 /* 20.plist in Resources */ = {isa = PBXBuildFile; fileRef = 515783901DCA24BE00FB7A97 /* 20.plist */; };
		515783B11DCA24BE00FB7A97 /* 21.plist in Resources */ = {isa = PBXBuildFile; fileRef = 515783911DCA24BE00FB7A97 /* 21.plist */; };
		515783B21DCA24BE00FB7A97 /* 22.plist in Resources */ = {isa = PBXBuildFile; fileRef = 515783921DCA24BE00FB7A97 /* 22.plist */; };
		515783B31DCA24BE00FB7A97 /* 23.plist in Resources */ = {isa = PBXBuildFile; fileRef = 515783931DCA24BE00FB7A97 /* 23.plist */; };
		515783B41DCA24BE00FB7A97 /* 24.plist in Resources */ = {isa = PBXBuildFile; fileRef = 515783941DCA24BE00FB7A97 /* 24.plist */; };
		515783B51DCA24BE00FB7A97 /* 25.plist in Resources */ = {isa = PBXBuildFile; fileRef = 515783951DCA24BE00FB7A97 /* 25.plist */; };
		515783B61DCA24BE00FB7A97 /* 26.plist in Resources */ = {isa = PBXBuildFile; fileRef = 515783961DCA24BE00FB7A97 /* 26.plist */; };
		515783B71DCA24BE00FB7A97 /* 27.plist in Resources */ = {isa = PBXBuildFile; fileRef = 515783971DCA24BE00FB7A97 /* 27.plist */; };
		515783B81DCA24BE00FB7A97 /* 28.plist in Resources */ = {isa = PBXBuildFile; fileRef = 515783981DCA24BE00FB7A97 /* 28.plist */; };
		515783B91DCA24BE00FB7A97 /* 29.plist in Resources */ = {isa = PBXBuildFile; fileRef = 515783991DCA24BE00FB7A97 /* 29.plist */; };
		515783BA1DCA24BE00FB7A97 /* 30.plist in Resources */ = {isa = PBXBuildFile; fileRef = 5157839A1DCA24BE00FB7A97 /* 30.plist */; };
		515783BB1DCA24BE00FB7A97 /* 31.plist in Resources */ = {isa = PBXBuildFile; fileRef = 5157839B1DCA24BE00FB7A97 /* 31.plist */; };
		515783BC1DCA24BE00FB7A97 /* 32.plist in Resources */ = {isa = PBXBuildFile; fileRef = 5157839C1DCA24BE00FB7A97 /* 32.plist */; };
		515783BD1DCA24BE00FB7A97 /* 33.plist in Resources */ = {isa = PBXBuildFile; fileRef = 5157839D1DCA24BE00FB7A97 /* 33.plist */; };
		515783BE1DCA24BE00FB7A97 /* 34.plist in Resources */ = {isa = PBXBuildFile; fileRef = 5157839E1DCA24BE00FB7A97 /* 34.plist */; };
		673B2DF41DC6B55F00147D8F /* 7.plist in Resources */ = {isa = PBXBuildFile; fileRef = 673B2DF31DC6B55F00147D8F /* 7.plist */; };
		673B2E051DC6B68100147D8F /* ioapi.c in Sources */ = {isa = PBXBuildFile; fileRef = 673B2DFA1DC6B68100147D8F /* ioapi.c */; };
		673B2E061DC6B68100147D8F /* mztools.c in Sources */ = {isa = PBXBuildFile; fileRef = 673B2DFC1DC6B68100147D8F /* mztools.c */; };
		673B2E071DC6B68100147D8F /* unzip.c in Sources */ = {isa = PBXBuildFile; fileRef = 673B2DFE1DC6B68100147D8F /* unzip.c */; };
		673B2E081DC6B68100147D8F /* zip.c in Sources */ = {isa = PBXBuildFile; fileRef = 673B2E001DC6B68100147D8F /* zip.c */; };
		673B2E091DC6B68100147D8F /* SSZipArchive.m in Sources */ = {isa = PBXBuildFile; fileRef = 673B2E031DC6B68100147D8F /* SSZipArchive.m */; };
		673B2E0B1DC6B7F000147D8F /* libz.tbd in Frameworks */ = {isa = PBXBuildFile; fileRef = 673B2E0A1DC6B7F000147D8F /* libz.tbd */; };
		674643011DC164DC006387A6 /* 1.plist in Resources */ = {isa = PBXBuildFile; fileRef = 674643001DC164DC006387A6 /* 1.plist */; };
		674643041DC16793006387A6 /* Puzzle.m in Sources */ = {isa = PBXBuildFile; fileRef = 674643031DC16793006387A6 /* Puzzle.m */; };
		67B6CD101DC3F7D90065E077 /* LevelSelectViewController.m in Sources */ = {isa = PBXBuildFile; fileRef = 67B6CD0F1DC3F7D90065E077 /* LevelSelectViewController.m */; };
		67B6CD131DC3FB940065E077 /* CreateLevelsViewController.m in Sources */ = {isa = PBXBuildFile; fileRef = 67B6CD121DC3FB940065E077 /* CreateLevelsViewController.m */; };
/* End PBXBuildFile section */

/* Begin PBXContainerItemProxy section */
		110E80921B161B4100DF989C /* PBXContainerItemProxy */ = {
			isa = PBXContainerItemProxy;
			containerPortal = 110E806B1B161B4000DF989C /* Project object */;
			proxyType = 1;
			remoteGlobalIDString = 110E80721B161B4000DF989C;
			remoteInfo = Bowling;
		};
/* End PBXContainerItemProxy section */

/* Begin PBXFileReference section */
		110E80731B161B4000DF989C /* Bowling.app */ = {isa = PBXFileReference; explicitFileType = wrapper.application; includeInIndex = 0; path = Bowling.app; sourceTree = BUILT_PRODUCTS_DIR; };
		110E80771B161B4000DF989C /* Info.plist */ = {isa = PBXFileReference; lastKnownFileType = text.plist.xml; path = Info.plist; sourceTree = "<group>"; };
		110E80781B161B4000DF989C /* main.m */ = {isa = PBXFileReference; lastKnownFileType = sourcecode.c.objc; path = main.m; sourceTree = "<group>"; };
		110E807A1B161B4000DF989C /* AppDelegate.h */ = {isa = PBXFileReference; lastKnownFileType = sourcecode.c.h; path = AppDelegate.h; sourceTree = "<group>"; };
		110E807B1B161B4000DF989C /* AppDelegate.m */ = {isa = PBXFileReference; lastKnownFileType = sourcecode.c.objc; path = AppDelegate.m; sourceTree = "<group>"; };
		110E80821B161B4100DF989C /* GameViewController.h */ = {isa = PBXFileReference; lastKnownFileType = sourcecode.c.h; path = GameViewController.h; sourceTree = "<group>"; };
		110E80831B161B4100DF989C /* GameViewController.m */ = {isa = PBXFileReference; lastKnownFileType = sourcecode.c.objc; path = GameViewController.m; sourceTree = "<group>"; };
		110E80861B161B4100DF989C /* Base */ = {isa = PBXFileReference; lastKnownFileType = file.storyboard; name = Base; path = Base.lproj/Main.storyboard; sourceTree = "<group>"; };
		110E80881B161B4100DF989C /* Images.xcassets */ = {isa = PBXFileReference; lastKnownFileType = folder.assetcatalog; path = Images.xcassets; sourceTree = "<group>"; };
		110E808B1B161B4100DF989C /* Base */ = {isa = PBXFileReference; lastKnownFileType = file.xib; name = Base; path = Base.lproj/LaunchScreen.xib; sourceTree = "<group>"; };
		110E80911B161B4100DF989C /* BowlingTests.xctest */ = {isa = PBXFileReference; explicitFileType = wrapper.cfbundle; includeInIndex = 0; path = BowlingTests.xctest; sourceTree = BUILT_PRODUCTS_DIR; };
		110E80961B161B4100DF989C /* Info.plist */ = {isa = PBXFileReference; lastKnownFileType = text.plist.xml; path = Info.plist; sourceTree = "<group>"; };
		110E80971B161B4100DF989C /* BowlingTests.m */ = {isa = PBXFileReference; lastKnownFileType = sourcecode.c.objc; path = BowlingTests.m; sourceTree = "<group>"; };
		110E80B61B165AE600DF989C /* GameKit.framework */ = {isa = PBXFileReference; lastKnownFileType = wrapper.framework; name = GameKit.framework; path = System/Library/Frameworks/GameKit.framework; sourceTree = SDKROOT; };
		110E80B81B16863700DF989C /* Reachability.m */ = {isa = PBXFileReference; fileEncoding = 4; lastKnownFileType = sourcecode.c.objc; path = Reachability.m; sourceTree = "<group>"; };
		110E80B91B16863700DF989C /* Reachability.h */ = {isa = PBXFileReference; fileEncoding = 4; lastKnownFileType = sourcecode.c.h; path = Reachability.h; sourceTree = "<group>"; };
		110E80BA1B16863700DF989C /* NSDataAES256.h */ = {isa = PBXFileReference; fileEncoding = 4; lastKnownFileType = sourcecode.c.h; path = NSDataAES256.h; sourceTree = "<group>"; };
		110E80BB1B16863700DF989C /* NSDataAES256.m */ = {isa = PBXFileReference; fileEncoding = 4; lastKnownFileType = sourcecode.c.objc; path = NSDataAES256.m; sourceTree = "<group>"; };
		110E80BC1B16863700DF989C /* GameCenterManager.h */ = {isa = PBXFileReference; fileEncoding = 4; lastKnownFileType = sourcecode.c.h; path = GameCenterManager.h; sourceTree = "<group>"; };
		110E80BD1B16863700DF989C /* GameCenterManager.m */ = {isa = PBXFileReference; fileEncoding = 4; lastKnownFileType = sourcecode.c.objc; path = GameCenterManager.m; sourceTree = "<group>"; };
		110E80C21B168D0900DF989C /* iAd.framework */ = {isa = PBXFileReference; lastKnownFileType = wrapper.framework; name = iAd.framework; path = System/Library/Frameworks/iAd.framework; sourceTree = SDKROOT; };
		11B648211B1E66C1005AB6A3 /* pop.mp3 */ = {isa = PBXFileReference; lastKnownFileType = audio.mp3; path = pop.mp3; sourceTree = "<group>"; };
		11B648231B1E6A30005AB6A3 /* super.mp3 */ = {isa = PBXFileReference; lastKnownFileType = audio.mp3; path = super.mp3; sourceTree = "<group>"; };
		11C1BEF01B179AC200DF06A0 /* Shop.m */ = {isa = PBXFileReference; fileEncoding = 4; lastKnownFileType = sourcecode.c.objc; path = Shop.m; sourceTree = "<group>"; };
		11C1BEF11B179AC200DF06A0 /* Shop.h */ = {isa = PBXFileReference; fileEncoding = 4; lastKnownFileType = sourcecode.c.h; path = Shop.h; sourceTree = "<group>"; };
		11C1BEF31B179AF300DF06A0 /* StoreKit.framework */ = {isa = PBXFileReference; lastKnownFileType = wrapper.framework; name = StoreKit.framework; path = System/Library/Frameworks/StoreKit.framework; sourceTree = SDKROOT; };
		514D2A141DBEA57C00A96118 /* CollectionViewController.h */ = {isa = PBXFileReference; fileEncoding = 4; lastKnownFileType = sourcecode.c.h; path = CollectionViewController.h; sourceTree = "<group>"; };
		514D2A151DBEA57C00A96118 /* CollectionViewController.m */ = {isa = PBXFileReference; fileEncoding = 4; lastKnownFileType = sourcecode.c.objc; path = CollectionViewController.m; sourceTree = "<group>"; };
		514D2A171DBEA59900A96118 /* CollectionViewCell.h */ = {isa = PBXFileReference; fileEncoding = 4; lastKnownFileType = sourcecode.c.h; path = CollectionViewCell.h; sourceTree = "<group>"; };
		514D2A181DBEA59900A96118 /* CollectionViewCell.m */ = {isa = PBXFileReference; fileEncoding = 4; lastKnownFileType = sourcecode.c.objc; path = CollectionViewCell.m; sourceTree = "<group>"; };
		5157837F1DCA24BE00FB7A97 /* 2.plist */ = {isa = PBXFileReference; fileEncoding = 4; lastKnownFileType = text.plist.xml; path = 2.plist; sourceTree = "<group>"; };
		515783801DCA24BE00FB7A97 /* 3.plist */ = {isa = PBXFileReference; fileEncoding = 4; lastKnownFileType = text.plist.xml; path = 3.plist; sourceTree = "<group>"; };
		515783811DCA24BE00FB7A97 /* 4.plist */ = {isa = PBXFileReference; fileEncoding = 4; lastKnownFileType = text.plist.xml; path = 4.plist; sourceTree = "<group>"; };
		515783821DCA24BE00FB7A97 /* 5.plist */ = {isa = PBXFileReference; fileEncoding = 4; lastKnownFileType = text.plist.xml; path = 5.plist; sourceTree = "<group>"; };
		515783831DCA24BE00FB7A97 /* 6.plist */ = {isa = PBXFileReference; fileEncoding = 4; lastKnownFileType = text.plist.xml; path = 6.plist; sourceTree = "<group>"; };
		515783841DCA24BE00FB7A97 /* 8.plist */ = {isa = PBXFileReference; fileEncoding = 4; lastKnownFileType = text.plist.xml; path = 8.plist; sourceTree = "<group>"; };
		515783851DCA24BE00FB7A97 /* 9.plist */ = {isa = PBXFileReference; fileEncoding = 4; lastKnownFileType = text.plist.xml; path = 9.plist; sourceTree = "<group>"; };
		515783861DCA24BE00FB7A97 /* 10.plist */ = {isa = PBXFileReference; fileEncoding = 4; lastKnownFileType = text.plist.xml; path = 10.plist; sourceTree = "<group>"; };
		515783871DCA24BE00FB7A97 /* 11.plist */ = {isa = PBXFileReference; fileEncoding = 4; lastKnownFileType = text.plist.xml; path = 11.plist; sourceTree = "<group>"; };
		515783881DCA24BE00FB7A97 /* 12.plist */ = {isa = PBXFileReference; fileEncoding = 4; lastKnownFileType = text.plist.xml; path = 12.plist; sourceTree = "<group>"; };
		515783891DCA24BE00FB7A97 /* 13.plist */ = {isa = PBXFileReference; fileEncoding = 4; lastKnownFileType = text.plist.xml; path = 13.plist; sourceTree = "<group>"; };
		5157838A1DCA24BE00FB7A97 /* 14.plist */ = {isa = PBXFileReference; fileEncoding = 4; lastKnownFileType = text.plist.xml; path = 14.plist; sourceTree = "<group>"; };
		5157838B1DCA24BE00FB7A97 /* 15.plist */ = {isa = PBXFileReference; fileEncoding = 4; lastKnownFileType = text.plist.xml; path = 15.plist; sourceTree = "<group>"; };
		5157838C1DCA24BE00FB7A97 /* 16.plist */ = {isa = PBXFileReference; fileEncoding = 4; lastKnownFileType = text.plist.xml; path = 16.plist; sourceTree = "<group>"; };
		5157838D1DCA24BE00FB7A97 /* 17.plist */ = {isa = PBXFileReference; fileEncoding = 4; lastKnownFileType = text.plist.xml; path = 17.plist; sourceTree = "<group>"; };
		5157838E1DCA24BE00FB7A97 /* 18.plist */ = {isa = PBXFileReference; fileEncoding = 4; lastKnownFileType = text.plist.xml; path = 18.plist; sourceTree = "<group>"; };
		5157838F1DCA24BE00FB7A97 /* 19.plist */ = {isa = PBXFileReference; fileEncoding = 4; lastKnownFileType = text.plist.xml; path = 19.plist; sourceTree = "<group>"; };
		515783901DCA24BE00FB7A97 /* 20.plist */ = {isa = PBXFileReference; fileEncoding = 4; lastKnownFileType = text.plist.xml; path = 20.plist; sourceTree = "<group>"; };
		515783911DCA24BE00FB7A97 /* 21.plist */ = {isa = PBXFileReference; fileEncoding = 4; lastKnownFileType = text.plist.xml; path = 21.plist; sourceTree = "<group>"; };
		515783921DCA24BE00FB7A97 /* 22.plist */ = {isa = PBXFileReference; fileEncoding = 4; lastKnownFileType = text.plist.xml; path = 22.plist; sourceTree = "<group>"; };
		515783931DCA24BE00FB7A97 /* 23.plist */ = {isa = PBXFileReference; fileEncoding = 4; lastKnownFileType = text.plist.xml; path = 23.plist; sourceTree = "<group>"; };
		515783941DCA24BE00FB7A97 /* 24.plist */ = {isa = PBXFileReference; fileEncoding = 4; lastKnownFileType = text.plist.xml; path = 24.plist; sourceTree = "<group>"; };
		515783951DCA24BE00FB7A97 /* 25.plist */ = {isa = PBXFileReference; fileEncoding = 4; lastKnownFileType = text.plist.xml; path = 25.plist; sourceTree = "<group>"; };
		515783961DCA24BE00FB7A97 /* 26.plist */ = {isa = PBXFileReference; fileEncoding = 4; lastKnownFileType = text.plist.xml; path = 26.plist; sourceTree = "<group>"; };
		515783971DCA24BE00FB7A97 /* 27.plist */ = {isa = PBXFileReference; fileEncoding = 4; lastKnownFileType = text.plist.xml; path = 27.plist; sourceTree = "<group>"; };
		515783981DCA24BE00FB7A97 /* 28.plist */ = {isa = PBXFileReference; fileEncoding = 4; lastKnownFileType = text.plist.xml; path = 28.plist; sourceTree = "<group>"; };
		515783991DCA24BE00FB7A97 /* 29.plist */ = {isa = PBXFileReference; fileEncoding = 4; lastKnownFileType = text.plist.xml; path = 29.plist; sourceTree = "<group>"; };
		5157839A1DCA24BE00FB7A97 /* 30.plist */ = {isa = PBXFileReference; fileEncoding = 4; lastKnownFileType = text.plist.xml; path = 30.plist; sourceTree = "<group>"; };
		5157839B1DCA24BE00FB7A97 /* 31.plist */ = {isa = PBXFileReference; fileEncoding = 4; lastKnownFileType = text.plist.xml; path = 31.plist; sourceTree = "<group>"; };
		5157839C1DCA24BE00FB7A97 /* 32.plist */ = {isa = PBXFileReference; fileEncoding = 4; lastKnownFileType = text.plist.xml; path = 32.plist; sourceTree = "<group>"; };
		5157839D1DCA24BE00FB7A97 /* 33.plist */ = {isa = PBXFileReference; fileEncoding = 4; lastKnownFileType = text.plist.xml; path = 33.plist; sourceTree = "<group>"; };
		5157839E1DCA24BE00FB7A97 /* 34.plist */ = {isa = PBXFileReference; fileEncoding = 4; lastKnownFileType = text.plist.xml; path = 34.plist; sourceTree = "<group>"; };
		673B2DF31DC6B55F00147D8F /* 7.plist */ = {isa = PBXFileReference; fileEncoding = 4; lastKnownFileType = text.plist.xml; name = 7.plist; path = puzzles/7.plist; sourceTree = "<group>"; };
		673B2DF91DC6B68100147D8F /* crypt.h */ = {isa = PBXFileReference; fileEncoding = 4; lastKnownFileType = sourcecode.c.h; path = crypt.h; sourceTree = "<group>"; };
		673B2DFA1DC6B68100147D8F /* ioapi.c */ = {isa = PBXFileReference; fileEncoding = 4; lastKnownFileType = sourcecode.c.c; path = ioapi.c; sourceTree = "<group>"; };
		673B2DFB1DC6B68100147D8F /* ioapi.h */ = {isa = PBXFileReference; fileEncoding = 4; lastKnownFileType = sourcecode.c.h; path = ioapi.h; sourceTree = "<group>"; };
		673B2DFC1DC6B68100147D8F /* mztools.c */ = {isa = PBXFileReference; fileEncoding = 4; lastKnownFileType = sourcecode.c.c; path = mztools.c; sourceTree = "<group>"; };
		673B2DFD1DC6B68100147D8F /* mztools.h */ = {isa = PBXFileReference; fileEncoding = 4; lastKnownFileType = sourcecode.c.h; path = mztools.h; sourceTree = "<group>"; };
		673B2DFE1DC6B68100147D8F /* unzip.c */ = {isa = PBXFileReference; fileEncoding = 4; lastKnownFileType = sourcecode.c.c; path = unzip.c; sourceTree = "<group>"; };
		673B2DFF1DC6B68100147D8F /* unzip.h */ = {isa = PBXFileReference; fileEncoding = 4; lastKnownFileType = sourcecode.c.h; path = unzip.h; sourceTree = "<group>"; };
		673B2E001DC6B68100147D8F /* zip.c */ = {isa = PBXFileReference; fileEncoding = 4; lastKnownFileType = sourcecode.c.c; path = zip.c; sourceTree = "<group>"; };
		673B2E011DC6B68100147D8F /* zip.h */ = {isa = PBXFileReference; fileEncoding = 4; lastKnownFileType = sourcecode.c.h; path = zip.h; sourceTree = "<group>"; };
		673B2E021DC6B68100147D8F /* SSZipArchive.h */ = {isa = PBXFileReference; fileEncoding = 4; lastKnownFileType = sourcecode.c.h; path = SSZipArchive.h; sourceTree = "<group>"; };
		673B2E031DC6B68100147D8F /* SSZipArchive.m */ = {isa = PBXFileReference; fileEncoding = 4; lastKnownFileType = sourcecode.c.objc; path = SSZipArchive.m; sourceTree = "<group>"; };
		673B2E0A1DC6B7F000147D8F /* libz.tbd */ = {isa = PBXFileReference; lastKnownFileType = "sourcecode.text-based-dylib-definition"; name = libz.tbd; path = usr/lib/libz.tbd; sourceTree = SDKROOT; };
		674643001DC164DC006387A6 /* 1.plist */ = {isa = PBXFileReference; fileEncoding = 4; lastKnownFileType = text.plist.xml; name = 1.plist; path = puzzles/1.plist; sourceTree = "<group>"; };
		674643021DC16793006387A6 /* Puzzle.h */ = {isa = PBXFileReference; fileEncoding = 4; lastKnownFileType = sourcecode.c.h; path = Puzzle.h; sourceTree = "<group>"; };
		674643031DC16793006387A6 /* Puzzle.m */ = {isa = PBXFileReference; fileEncoding = 4; lastKnownFileType = sourcecode.c.objc; path = Puzzle.m; sourceTree = "<group>"; };
		67B6CD0E1DC3F7D90065E077 /* LevelSelectViewController.h */ = {isa = PBXFileReference; fileEncoding = 4; lastKnownFileType = sourcecode.c.h; path = LevelSelectViewController.h; sourceTree = "<group>"; };
		67B6CD0F1DC3F7D90065E077 /* LevelSelectViewController.m */ = {isa = PBXFileReference; fileEncoding = 4; lastKnownFileType = sourcecode.c.objc; path = LevelSelectViewController.m; sourceTree = "<group>"; };
		67B6CD111DC3FB940065E077 /* CreateLevelsViewController.h */ = {isa = PBXFileReference; fileEncoding = 4; lastKnownFileType = sourcecode.c.h; path = CreateLevelsViewController.h; sourceTree = "<group>"; };
		67B6CD121DC3FB940065E077 /* CreateLevelsViewController.m */ = {isa = PBXFileReference; fileEncoding = 4; lastKnownFileType = sourcecode.c.objc; path = CreateLevelsViewController.m; sourceTree = "<group>"; };
/* End PBXFileReference section */

/* Begin PBXFrameworksBuildPhase section */
		110E80701B161B4000DF989C /* Frameworks */ = {
			isa = PBXFrameworksBuildPhase;
			buildActionMask = 2147483647;
			files = (
				673B2E0B1DC6B7F000147D8F /* libz.tbd in Frameworks */,
				11C1BEF41B179AF300DF06A0 /* StoreKit.framework in Frameworks */,
				110E80C31B168D0900DF989C /* iAd.framework in Frameworks */,
				110E80B71B165AE600DF989C /* GameKit.framework in Frameworks */,
			);
			runOnlyForDeploymentPostprocessing = 0;
		};
		110E808E1B161B4100DF989C /* Frameworks */ = {
			isa = PBXFrameworksBuildPhase;
			buildActionMask = 2147483647;
			files = (
			);
			runOnlyForDeploymentPostprocessing = 0;
		};
/* End PBXFrameworksBuildPhase section */

/* Begin PBXGroup section */
		110E806A1B161B4000DF989C = {
			isa = PBXGroup;
			children = (
				673B2DF51DC6B67800147D8F /* Libraries */,
				67B633411DC15C690004C424 /* Frameworks */,
				110E80751B161B4000DF989C /* Golden Trail */,
				110E80941B161B4100DF989C /* BowlingTests */,
				110E80741B161B4000DF989C /* Products */,
			);
			sourceTree = "<group>";
		};
		110E80741B161B4000DF989C /* Products */ = {
			isa = PBXGroup;
			children = (
				110E80731B161B4000DF989C /* Bowling.app */,
				110E80911B161B4100DF989C /* BowlingTests.xctest */,
			);
			name = Products;
			sourceTree = "<group>";
		};
		110E80751B161B4000DF989C /* Golden Trail */ = {
			isa = PBXGroup;
			children = (
				674642FF1DC1649F006387A6 /* Puzzles */,
				674642FE1DC15F38006387A6 /* General */,
				674642FD1DC15F19006387A6 /* Model */,
				674642FC1DC15EFC006387A6 /* Cells */,
				674642FB1DC15EF4006387A6 /* ViewControllers */,
				674642FA1DC15ED3006387A6 /* Assets */,
				110E80C11B16864300DF989C /* Game Center */,
				110E80761B161B4000DF989C /* Supporting Files */,
			);
			name = "Golden Trail";
			path = Bowling;
			sourceTree = "<group>";
		};
		110E80761B161B4000DF989C /* Supporting Files */ = {
			isa = PBXGroup;
			children = (
				11B648211B1E66C1005AB6A3 /* pop.mp3 */,
				11B648231B1E6A30005AB6A3 /* super.mp3 */,
				110E80771B161B4000DF989C /* Info.plist */,
				110E80781B161B4000DF989C /* main.m */,
			);
			name = "Supporting Files";
			sourceTree = "<group>";
		};
		110E80941B161B4100DF989C /* BowlingTests */ = {
			isa = PBXGroup;
			children = (
				110E80971B161B4100DF989C /* BowlingTests.m */,
				110E80951B161B4100DF989C /* Supporting Files */,
			);
			path = BowlingTests;
			sourceTree = "<group>";
		};
		110E80951B161B4100DF989C /* Supporting Files */ = {
			isa = PBXGroup;
			children = (
				110E80961B161B4100DF989C /* Info.plist */,
			);
			name = "Supporting Files";
			sourceTree = "<group>";
		};
		110E80C11B16864300DF989C /* Game Center */ = {
			isa = PBXGroup;
			children = (
				110E80B81B16863700DF989C /* Reachability.m */,
				110E80B91B16863700DF989C /* Reachability.h */,
				110E80BA1B16863700DF989C /* NSDataAES256.h */,
				110E80BB1B16863700DF989C /* NSDataAES256.m */,
				110E80BC1B16863700DF989C /* GameCenterManager.h */,
				110E80BD1B16863700DF989C /* GameCenterManager.m */,
			);
			name = "Game Center";
			sourceTree = "<group>";
		};
		673B2DF51DC6B67800147D8F /* Libraries */ = {
			isa = PBXGroup;
			children = (
				673B2DF61DC6B68100147D8F /* ssziparchive */,
			);
			name = Libraries;
			sourceTree = "<group>";
		};
		673B2DF61DC6B68100147D8F /* ssziparchive */ = {
			isa = PBXGroup;
			children = (
				673B2DF81DC6B68100147D8F /* minizip */,
				673B2E021DC6B68100147D8F /* SSZipArchive.h */,
				673B2E031DC6B68100147D8F /* SSZipArchive.m */,
			);
			path = ssziparchive;
			sourceTree = "<group>";
		};
		673B2DF81DC6B68100147D8F /* minizip */ = {
			isa = PBXGroup;
			children = (
				673B2DF91DC6B68100147D8F /* crypt.h */,
				673B2DFA1DC6B68100147D8F /* ioapi.c */,
				673B2DFB1DC6B68100147D8F /* ioapi.h */,
				673B2DFC1DC6B68100147D8F /* mztools.c */,
				673B2DFD1DC6B68100147D8F /* mztools.h */,
				673B2DFE1DC6B68100147D8F /* unzip.c */,
				673B2DFF1DC6B68100147D8F /* unzip.h */,
				673B2E001DC6B68100147D8F /* zip.c */,
				673B2E011DC6B68100147D8F /* zip.h */,
			);
			path = minizip;
			sourceTree = "<group>";
		};
		674642FA1DC15ED3006387A6 /* Assets */ = {
			isa = PBXGroup;
			children = (
				110E808A1B161B4100DF989C /* LaunchScreen.xib */,
				110E80851B161B4100DF989C /* Main.storyboard */,
				110E80881B161B4100DF989C /* Images.xcassets */,
			);
			name = Assets;
			sourceTree = "<group>";
		};
		674642FB1DC15EF4006387A6 /* ViewControllers */ = {
			isa = PBXGroup;
			children = (
				110E80821B161B4100DF989C /* GameViewController.h */,
				110E80831B161B4100DF989C /* GameViewController.m */,
				67B6CD0E1DC3F7D90065E077 /* LevelSelectViewController.h */,
				67B6CD0F1DC3F7D90065E077 /* LevelSelectViewController.m */,
				514D2A141DBEA57C00A96118 /* CollectionViewController.h */,
				514D2A151DBEA57C00A96118 /* CollectionViewController.m */,
				67B6CD111DC3FB940065E077 /* CreateLevelsViewController.h */,
				67B6CD121DC3FB940065E077 /* CreateLevelsViewController.m */,
			);
			name = ViewControllers;
			sourceTree = "<group>";
		};
		674642FC1DC15EFC006387A6 /* Cells */ = {
			isa = PBXGroup;
			children = (
				514D2A171DBEA59900A96118 /* CollectionViewCell.h */,
				514D2A181DBEA59900A96118 /* CollectionViewCell.m */,
			);
			name = Cells;
			sourceTree = "<group>";
		};
		674642FD1DC15F19006387A6 /* Model */ = {
			isa = PBXGroup;
			children = (
				11C1BEF11B179AC200DF06A0 /* Shop.h */,
				11C1BEF01B179AC200DF06A0 /* Shop.m */,
				674643021DC16793006387A6 /* Puzzle.h */,
				674643031DC16793006387A6 /* Puzzle.m */,
			);
			name = Model;
			sourceTree = "<group>";
		};
		674642FE1DC15F38006387A6 /* General */ = {
			isa = PBXGroup;
			children = (
				110E807A1B161B4000DF989C /* AppDelegate.h */,
				110E807B1B161B4000DF989C /* AppDelegate.m */,
			);
			name = General;
			sourceTree = "<group>";
		};
		674642FF1DC1649F006387A6 /* Puzzles */ = {
			isa = PBXGroup;
			children = (
				674643001DC164DC006387A6 /* 1.plist */,
				5157837F1DCA24BE00FB7A97 /* 2.plist */,
				515783801DCA24BE00FB7A97 /* 3.plist */,
				515783811DCA24BE00FB7A97 /* 4.plist */,
				515783821DCA24BE00FB7A97 /* 5.plist */,
				515783831DCA24BE00FB7A97 /* 6.plist */,
				673B2DF31DC6B55F00147D8F /* 7.plist */,
				515783841DCA24BE00FB7A97 /* 8.plist */,
				515783851DCA24BE00FB7A97 /* 9.plist */,
				515783861DCA24BE00FB7A97 /* 10.plist */,
				515783871DCA24BE00FB7A97 /* 11.plist */,
				515783881DCA24BE00FB7A97 /* 12.plist */,
				515783891DCA24BE00FB7A97 /* 13.plist */,
				5157838A1DCA24BE00FB7A97 /* 14.plist */,
				5157838B1DCA24BE00FB7A97 /* 15.plist */,
				5157838C1DCA24BE00FB7A97 /* 16.plist */,
				5157838D1DCA24BE00FB7A97 /* 17.plist */,
				5157838E1DCA24BE00FB7A97 /* 18.plist */,
				5157838F1DCA24BE00FB7A97 /* 19.plist */,
				515783901DCA24BE00FB7A97 /* 20.plist */,
				515783911DCA24BE00FB7A97 /* 21.plist */,
				515783921DCA24BE00FB7A97 /* 22.plist */,
				515783931DCA24BE00FB7A97 /* 23.plist */,
				515783941DCA24BE00FB7A97 /* 24.plist */,
				515783951DCA24BE00FB7A97 /* 25.plist */,
				515783961DCA24BE00FB7A97 /* 26.plist */,
				515783971DCA24BE00FB7A97 /* 27.plist */,
				515783981DCA24BE00FB7A97 /* 28.plist */,
				515783991DCA24BE00FB7A97 /* 29.plist */,
				5157839A1DCA24BE00FB7A97 /* 30.plist */,
				5157839B1DCA24BE00FB7A97 /* 31.plist */,
				5157839C1DCA24BE00FB7A97 /* 32.plist */,
				5157839D1DCA24BE00FB7A97 /* 33.plist */,
				5157839E1DCA24BE00FB7A97 /* 34.plist */,
			);
			name = Puzzles;
			sourceTree = "<group>";
		};
		67B633411DC15C690004C424 /* Frameworks */ = {
			isa = PBXGroup;
			children = (
				673B2E0A1DC6B7F000147D8F /* libz.tbd */,
				110E80B61B165AE600DF989C /* GameKit.framework */,
				11C1BEF31B179AF300DF06A0 /* StoreKit.framework */,
				110E80C21B168D0900DF989C /* iAd.framework */,
			);
			name = Frameworks;
			sourceTree = "<group>";
		};
/* End PBXGroup section */

/* Begin PBXNativeTarget section */
		110E80721B161B4000DF989C /* Bowling */ = {
			isa = PBXNativeTarget;
			buildConfigurationList = 110E809B1B161B4100DF989C /* Build configuration list for PBXNativeTarget "Bowling" */;
			buildPhases = (
				110E806F1B161B4000DF989C /* Sources */,
				110E80701B161B4000DF989C /* Frameworks */,
				110E80711B161B4000DF989C /* Resources */,
			);
			buildRules = (
			);
			dependencies = (
			);
			name = Bowling;
			productName = Bowling;
			productReference = 110E80731B161B4000DF989C /* Bowling.app */;
			productType = "com.apple.product-type.application";
		};
		110E80901B161B4100DF989C /* BowlingTests */ = {
			isa = PBXNativeTarget;
			buildConfigurationList = 110E809E1B161B4100DF989C /* Build configuration list for PBXNativeTarget "BowlingTests" */;
			buildPhases = (
				110E808D1B161B4100DF989C /* Sources */,
				110E808E1B161B4100DF989C /* Frameworks */,
				110E808F1B161B4100DF989C /* Resources */,
			);
			buildRules = (
			);
			dependencies = (
				110E80931B161B4100DF989C /* PBXTargetDependency */,
			);
			name = BowlingTests;
			productName = BowlingTests;
			productReference = 110E80911B161B4100DF989C /* BowlingTests.xctest */;
			productType = "com.apple.product-type.bundle.unit-test";
		};
/* End PBXNativeTarget section */

/* Begin PBXProject section */
		110E806B1B161B4000DF989C /* Project object */ = {
			isa = PBXProject;
			attributes = {
				LastUpgradeCheck = 0800;
				ORGANIZATIONNAME = "Larry Feldman";
				TargetAttributes = {
					110E80721B161B4000DF989C = {
						CreatedOnToolsVersion = 6.3;
						DevelopmentTeam = 9Y9N8HRKV2;
						ProvisioningStyle = Automatic;
					};
					110E80901B161B4100DF989C = {
						CreatedOnToolsVersion = 6.3;
						TestTargetID = 110E80721B161B4000DF989C;
					};
				};
			};
			buildConfigurationList = 110E806E1B161B4000DF989C /* Build configuration list for PBXProject "Bowling" */;
			compatibilityVersion = "Xcode 3.2";
			developmentRegion = English;
			hasScannedForEncodings = 0;
			knownRegions = (
				en,
				Base,
			);
			mainGroup = 110E806A1B161B4000DF989C;
			productRefGroup = 110E80741B161B4000DF989C /* Products */;
			projectDirPath = "";
			projectRoot = "";
			targets = (
				110E80721B161B4000DF989C /* Bowling */,
				110E80901B161B4100DF989C /* BowlingTests */,
			);
		};
/* End PBXProject section */

/* Begin PBXResourcesBuildPhase section */
		110E80711B161B4000DF989C /* Resources */ = {
			isa = PBXResourcesBuildPhase;
			buildActionMask = 2147483647;
			files = (
				673B2DF41DC6B55F00147D8F /* 7.plist in Resources */,
				674643011DC164DC006387A6 /* 1.plist in Resources */,
				515783B41DCA24BE00FB7A97 /* 24.plist in Resources */,
				110E808C1B161B4100DF989C /* LaunchScreen.xib in Resources */,
				515783B31DCA24BE00FB7A97 /* 23.plist in Resources */,
				515783A81DCA24BE00FB7A97 /* 12.plist in Resources */,
				515783B21DCA24BE00FB7A97 /* 22.plist in Resources */,
				515783AF1DCA24BE00FB7A97 /* 19.plist in Resources */,
				515783B11DCA24BE00FB7A97 /* 21.plist in Resources */,
				515783AB1DCA24BE00FB7A97 /* 15.plist in Resources */,
				515783BC1DCA24BE00FB7A97 /* 32.plist in Resources */,
				515783A91DCA24BE00FB7A97 /* 13.plist in Resources */,
				515783B71DCA24BE00FB7A97 /* 27.plist in Resources */,
				515783A31DCA24BE00FB7A97 /* 6.plist in Resources */,
				515783B81DCA24BE00FB7A97 /* 28.plist in Resources */,
				515783BA1DCA24BE00FB7A97 /* 30.plist in Resources */,
				515783BD1DCA24BE00FB7A97 /* 33.plist in Resources */,
				515783A71DCA24BE00FB7A97 /* 11.plist in Resources */,
				515783A61DCA24BE00FB7A97 /* 10.plist in Resources */,
				515783A11DCA24BE00FB7A97 /* 4.plist in Resources */,
				515783A01DCA24BE00FB7A97 /* 3.plist in Resources */,
				515783B61DCA24BE00FB7A97 /* 26.plist in Resources */,
				5157839F1DCA24BE00FB7A97 /* 2.plist in Resources */,
				110E80891B161B4100DF989C /* Images.xcassets in Resources */,
				515783BB1DCA24BE00FB7A97 /* 31.plist in Resources */,
				515783B01DCA24BE00FB7A97 /* 20.plist in Resources */,
				515783B51DCA24BE00FB7A97 /* 25.plist in Resources */,
				515783AC1DCA24BE00FB7A97 /* 16.plist in Resources */,
				515783AE1DCA24BE00FB7A97 /* 18.plist in Resources */,
				515783AD1DCA24BE00FB7A97 /* 17.plist in Resources */,
				11B648221B1E66C1005AB6A3 /* pop.mp3 in Resources */,
				515783BE1DCA24BE00FB7A97 /* 34.plist in Resources */,
				515783A41DCA24BE00FB7A97 /* 8.plist in Resources */,
				515783A51DCA24BE00FB7A97 /* 9.plist in Resources */,
				515783B91DCA24BE00FB7A97 /* 29.plist in Resources */,
				11B648241B1E6A31005AB6A3 /* super.mp3 in Resources */,
				515783AA1DCA24BE00FB7A97 /* 14.plist in Resources */,
				515783A21DCA24BE00FB7A97 /* 5.plist in Resources */,
				110E80871B161B4100DF989C /* Main.storyboard in Resources */,
			);
			runOnlyForDeploymentPostprocessing = 0;
		};
		110E808F1B161B4100DF989C /* Resources */ = {
			isa = PBXResourcesBuildPhase;
			buildActionMask = 2147483647;
			files = (
			);
			runOnlyForDeploymentPostprocessing = 0;
		};
/* End PBXResourcesBuildPhase section */

/* Begin PBXSourcesBuildPhase section */
		110E806F1B161B4000DF989C /* Sources */ = {
			isa = PBXSourcesBuildPhase;
			buildActionMask = 2147483647;
			files = (
				110E80841B161B4100DF989C /* GameViewController.m in Sources */,
				110E807C1B161B4000DF989C /* AppDelegate.m in Sources */,
				673B2E091DC6B68100147D8F /* SSZipArchive.m in Sources */,
				11C1BEF21B179AC200DF06A0 /* Shop.m in Sources */,
				110E80C01B16863700DF989C /* GameCenterManager.m in Sources */,
				110E80BE1B16863700DF989C /* Reachability.m in Sources */,
				673B2E081DC6B68100147D8F /* zip.c in Sources */,
				673B2E051DC6B68100147D8F /* ioapi.c in Sources */,
				67B6CD131DC3FB940065E077 /* CreateLevelsViewController.m in Sources */,
				67B6CD101DC3F7D90065E077 /* LevelSelectViewController.m in Sources */,
				110E80BF1B16863700DF989C /* NSDataAES256.m in Sources */,
				514D2A161DBEA57C00A96118 /* CollectionViewController.m in Sources */,
				674643041DC16793006387A6 /* Puzzle.m in Sources */,
				514D2A191DBEA59900A96118 /* CollectionViewCell.m in Sources */,
				110E80791B161B4000DF989C /* main.m in Sources */,
				673B2E071DC6B68100147D8F /* unzip.c in Sources */,
				673B2E061DC6B68100147D8F /* mztools.c in Sources */,
			);
			runOnlyForDeploymentPostprocessing = 0;
		};
		110E808D1B161B4100DF989C /* Sources */ = {
			isa = PBXSourcesBuildPhase;
			buildActionMask = 2147483647;
			files = (
				110E80981B161B4100DF989C /* BowlingTests.m in Sources */,
			);
			runOnlyForDeploymentPostprocessing = 0;
		};
/* End PBXSourcesBuildPhase section */

/* Begin PBXTargetDependency section */
		110E80931B161B4100DF989C /* PBXTargetDependency */ = {
			isa = PBXTargetDependency;
			target = 110E80721B161B4000DF989C /* Bowling */;
			targetProxy = 110E80921B161B4100DF989C /* PBXContainerItemProxy */;
		};
/* End PBXTargetDependency section */

/* Begin PBXVariantGroup section */
		110E80851B161B4100DF989C /* Main.storyboard */ = {
			isa = PBXVariantGroup;
			children = (
				110E80861B161B4100DF989C /* Base */,
			);
			name = Main.storyboard;
			sourceTree = "<group>";
		};
		110E808A1B161B4100DF989C /* LaunchScreen.xib */ = {
			isa = PBXVariantGroup;
			children = (
				110E808B1B161B4100DF989C /* Base */,
			);
			name = LaunchScreen.xib;
			sourceTree = "<group>";
		};
/* End PBXVariantGroup section */

/* Begin XCBuildConfiguration section */
		110E80991B161B4100DF989C /* Debug */ = {
			isa = XCBuildConfiguration;
			buildSettings = {
				ALWAYS_SEARCH_USER_PATHS = NO;
				CLANG_CXX_LANGUAGE_STANDARD = "gnu++0x";
				CLANG_CXX_LIBRARY = "libc++";
				CLANG_ENABLE_MODULES = YES;
				CLANG_ENABLE_OBJC_ARC = YES;
				CLANG_WARN_BOOL_CONVERSION = YES;
				CLANG_WARN_CONSTANT_CONVERSION = YES;
				CLANG_WARN_DIRECT_OBJC_ISA_USAGE = YES_ERROR;
				CLANG_WARN_EMPTY_BODY = YES;
				CLANG_WARN_ENUM_CONVERSION = YES;
				CLANG_WARN_INFINITE_RECURSION = YES;
				CLANG_WARN_INT_CONVERSION = YES;
				CLANG_WARN_OBJC_ROOT_CLASS = YES_ERROR;
				CLANG_WARN_SUSPICIOUS_MOVE = YES;
				CLANG_WARN_UNREACHABLE_CODE = YES;
				CLANG_WARN__DUPLICATE_METHOD_MATCH = YES;
				"CODE_SIGN_IDENTITY[sdk=iphoneos*]" = "iPhone Developer";
				COPY_PHASE_STRIP = NO;
				DEBUG_INFORMATION_FORMAT = "dwarf-with-dsym";
				ENABLE_STRICT_OBJC_MSGSEND = YES;
				ENABLE_TESTABILITY = YES;
				GCC_C_LANGUAGE_STANDARD = gnu99;
				GCC_DYNAMIC_NO_PIC = NO;
				GCC_NO_COMMON_BLOCKS = YES;
				GCC_OPTIMIZATION_LEVEL = 0;
				GCC_PREPROCESSOR_DEFINITIONS = (
					"DEBUG=1",
					"$(inherited)",
				);
				GCC_SYMBOLS_PRIVATE_EXTERN = NO;
				GCC_WARN_64_TO_32_BIT_CONVERSION = YES;
				GCC_WARN_ABOUT_RETURN_TYPE = YES_ERROR;
				GCC_WARN_UNDECLARED_SELECTOR = YES;
				GCC_WARN_UNINITIALIZED_AUTOS = YES_AGGRESSIVE;
				GCC_WARN_UNUSED_FUNCTION = YES;
				GCC_WARN_UNUSED_VARIABLE = YES;
				IPHONEOS_DEPLOYMENT_TARGET = 9.0;
				MTL_ENABLE_DEBUG_INFO = YES;
				ONLY_ACTIVE_ARCH = YES;
				SDKROOT = iphoneos;
				TARGETED_DEVICE_FAMILY = "1,2";
			};
			name = Debug;
		};
		110E809A1B161B4100DF989C /* Release */ = {
			isa = XCBuildConfiguration;
			buildSettings = {
				ALWAYS_SEARCH_USER_PATHS = NO;
				CLANG_CXX_LANGUAGE_STANDARD = "gnu++0x";
				CLANG_CXX_LIBRARY = "libc++";
				CLANG_ENABLE_MODULES = YES;
				CLANG_ENABLE_OBJC_ARC = YES;
				CLANG_WARN_BOOL_CONVERSION = YES;
				CLANG_WARN_CONSTANT_CONVERSION = YES;
				CLANG_WARN_DIRECT_OBJC_ISA_USAGE = YES_ERROR;
				CLANG_WARN_EMPTY_BODY = YES;
				CLANG_WARN_ENUM_CONVERSION = YES;
				CLANG_WARN_INFINITE_RECURSION = YES;
				CLANG_WARN_INT_CONVERSION = YES;
				CLANG_WARN_OBJC_ROOT_CLASS = YES_ERROR;
				CLANG_WARN_SUSPICIOUS_MOVE = YES;
				CLANG_WARN_UNREACHABLE_CODE = YES;
				CLANG_WARN__DUPLICATE_METHOD_MATCH = YES;
				"CODE_SIGN_IDENTITY[sdk=iphoneos*]" = "iPhone Developer";
				COPY_PHASE_STRIP = NO;
				DEBUG_INFORMATION_FORMAT = "dwarf-with-dsym";
				ENABLE_NS_ASSERTIONS = NO;
				ENABLE_STRICT_OBJC_MSGSEND = YES;
				GCC_C_LANGUAGE_STANDARD = gnu99;
				GCC_NO_COMMON_BLOCKS = YES;
				GCC_WARN_64_TO_32_BIT_CONVERSION = YES;
				GCC_WARN_ABOUT_RETURN_TYPE = YES_ERROR;
				GCC_WARN_UNDECLARED_SELECTOR = YES;
				GCC_WARN_UNINITIALIZED_AUTOS = YES_AGGRESSIVE;
				GCC_WARN_UNUSED_FUNCTION = YES;
				GCC_WARN_UNUSED_VARIABLE = YES;
				IPHONEOS_DEPLOYMENT_TARGET = 9.0;
				MTL_ENABLE_DEBUG_INFO = NO;
				SDKROOT = iphoneos;
				TARGETED_DEVICE_FAMILY = "1,2";
				VALIDATE_PRODUCT = YES;
			};
			name = Release;
		};
		110E809C1B161B4100DF989C /* Debug */ = {
			isa = XCBuildConfiguration;
			buildSettings = {
				ASSETCATALOG_COMPILER_APPICON_NAME = AppIcon;
				CODE_SIGN_IDENTITY = "iPhone Developer";
				"CODE_SIGN_IDENTITY[sdk=iphoneos*]" = "iPhone Developer";
				DEVELOPMENT_TEAM = 9Y9N8HRKV2;
				INFOPLIST_FILE = Bowling/Info.plist;
				LD_RUNPATH_SEARCH_PATHS = "$(inherited) @executable_path/Frameworks";
				PRODUCT_BUNDLE_IDENTIFIER = com.lfeldman.yellowbrick;
				PRODUCT_NAME = "$(TARGET_NAME)";
				PROVISIONING_PROFILE = "";
				PROVISIONING_PROFILE_SPECIFIER = "";
				SPRITEKIT_TEXTURE_ATLAS_OUTPUT = YES;
			};
			name = Debug;
		};
		110E809D1B161B4100DF989C /* Release */ = {
			isa = XCBuildConfiguration;
			buildSettings = {
				ASSETCATALOG_COMPILER_APPICON_NAME = AppIcon;
				CODE_SIGN_IDENTITY = "iPhone Developer";
				"CODE_SIGN_IDENTITY[sdk=iphoneos*]" = "iPhone Developer";
				DEVELOPMENT_TEAM = 9Y9N8HRKV2;
				INFOPLIST_FILE = Bowling/Info.plist;
				LD_RUNPATH_SEARCH_PATHS = "$(inherited) @executable_path/Frameworks";
				PRODUCT_BUNDLE_IDENTIFIER = com.lfeldman.yellowbrick;
				PRODUCT_NAME = "$(TARGET_NAME)";
				PROVISIONING_PROFILE = "";
				PROVISIONING_PROFILE_SPECIFIER = "";
				SPRITEKIT_TEXTURE_ATLAS_OUTPUT = YES;
			};
			name = Release;
		};
		110E809F1B161B4100DF989C /* Debug */ = {
			isa = XCBuildConfiguration;
			buildSettings = {
				BUNDLE_LOADER = "$(TEST_HOST)";
				FRAMEWORK_SEARCH_PATHS = (
					"$(SDKROOT)/Developer/Library/Frameworks",
					"$(inherited)",
				);
				GCC_PREPROCESSOR_DEFINITIONS = (
					"DEBUG=1",
					"$(inherited)",
				);
				INFOPLIST_FILE = BowlingTests/Info.plist;
				LD_RUNPATH_SEARCH_PATHS = "$(inherited) @executable_path/Frameworks @loader_path/Frameworks";
				PRODUCT_BUNDLE_IDENTIFIER = "com.lfeldman.$(PRODUCT_NAME:rfc1034identifier)";
				PRODUCT_NAME = "$(TARGET_NAME)";
				TEST_HOST = "$(BUILT_PRODUCTS_DIR)/Bowling.app/Bowling";
			};
			name = Debug;
		};
		110E80A01B161B4100DF989C /* Release */ = {
			isa = XCBuildConfiguration;
			buildSettings = {
				BUNDLE_LOADER = "$(TEST_HOST)";
				FRAMEWORK_SEARCH_PATHS = (
					"$(SDKROOT)/Developer/Library/Frameworks",
					"$(inherited)",
				);
				INFOPLIST_FILE = BowlingTests/Info.plist;
				LD_RUNPATH_SEARCH_PATHS = "$(inherited) @executable_path/Frameworks @loader_path/Frameworks";
				PRODUCT_BUNDLE_IDENTIFIER = "com.lfeldman.$(PRODUCT_NAME:rfc1034identifier)";
				PRODUCT_NAME = "$(TARGET_NAME)";
				TEST_HOST = "$(BUILT_PRODUCTS_DIR)/Bowling.app/Bowling";
			};
			name = Release;
		};
/* End XCBuildConfiguration section */

/* Begin XCConfigurationList section */
		110E806E1B161B4000DF989C /* Build configuration list for PBXProject "Bowling" */ = {
			isa = XCConfigurationList;
			buildConfigurations = (
				110E80991B161B4100DF989C /* Debug */,
				110E809A1B161B4100DF989C /* Release */,
			);
			defaultConfigurationIsVisible = 0;
			defaultConfigurationName = Release;
		};
		110E809B1B161B4100DF989C /* Build configuration list for PBXNativeTarget "Bowling" */ = {
			isa = XCConfigurationList;
			buildConfigurations = (
				110E809C1B161B4100DF989C /* Debug */,
				110E809D1B161B4100DF989C /* Release */,
			);
			defaultConfigurationIsVisible = 0;
			defaultConfigurationName = Release;
		};
		110E809E1B161B4100DF989C /* Build configuration list for PBXNativeTarget "BowlingTests" */ = {
			isa = XCConfigurationList;
			buildConfigurations = (
				110E809F1B161B4100DF989C /* Debug */,
				110E80A01B161B4100DF989C /* Release */,
			);
			defaultConfigurationIsVisible = 0;
			defaultConfigurationName = Release;
		};
/* End XCConfigurationList section */
	};
	rootObject = 110E806B1B161B4000DF989C /* Project object */;
}
